// !$*UTF8*$!
{
	archiveVersion = 1;
	classes = {
	};
	objectVersion = 50;
	objects = {

/* Begin PBXBuildFile section */
		8750B20C24AD11F100656FBF /* DetailViewController.swift in Sources */ = {isa = PBXBuildFile; fileRef = 8750B20B24AD11F100656FBF /* DetailViewController.swift */; };
		8750B20F24AD1A4000656FBF /* WebKit.framework in Frameworks */ = {isa = PBXBuildFile; fileRef = 8750B20E24AD1A4000656FBF /* WebKit.framework */; };
		875A063F24AA61F30077157A /* VideoTableViewCell.swift in Sources */ = {isa = PBXBuildFile; fileRef = 875A063E24AA61F30077157A /* VideoTableViewCell.swift */; };
		875A064124AB67EE0077157A /* CashManager.swift in Sources */ = {isa = PBXBuildFile; fileRef = 875A064024AB67EE0077157A /* CashManager.swift */; };
		87E9AC7324A914DF001E49C2 /* AppDelegate.swift in Sources */ = {isa = PBXBuildFile; fileRef = 87E9AC7224A914DF001E49C2 /* AppDelegate.swift */; };
		87E9AC7824A914DF001E49C2 /* Main.storyboard in Resources */ = {isa = PBXBuildFile; fileRef = 87E9AC7624A914DF001E49C2 /* Main.storyboard */; };
		87E9AC7A24A914E1001E49C2 /* Assets.xcassets in Resources */ = {isa = PBXBuildFile; fileRef = 87E9AC7924A914E1001E49C2 /* Assets.xcassets */; };
		87E9AC7D24A914E1001E49C2 /* LaunchScreen.storyboard in Resources */ = {isa = PBXBuildFile; fileRef = 87E9AC7B24A914E1001E49C2 /* LaunchScreen.storyboard */; };
		87E9AC8524A914F6001E49C2 /* Constants.swift in Sources */ = {isa = PBXBuildFile; fileRef = 87E9AC8424A914F6001E49C2 /* Constants.swift */; };
		87E9AC8724A91828001E49C2 /* Video.swift in Sources */ = {isa = PBXBuildFile; fileRef = 87E9AC8624A91828001E49C2 /* Video.swift */; };
		87E9AC8924A91912001E49C2 /* Model.swift in Sources */ = {isa = PBXBuildFile; fileRef = 87E9AC8824A91912001E49C2 /* Model.swift */; };
		87E9AC8B24A929F8001E49C2 /* Response.swift in Sources */ = {isa = PBXBuildFile; fileRef = 87E9AC8A24A929F8001E49C2 /* Response.swift */; };
		87E9AC8D24A95210001E49C2 /* VideoTableViewController.swift in Sources */ = {isa = PBXBuildFile; fileRef = 87E9AC8C24A95210001E49C2 /* VideoTableViewController.swift */; };
/* End PBXBuildFile section */

/* Begin PBXFileReference section */
		8750B20B24AD11F100656FBF /* DetailViewController.swift */ = {isa = PBXFileReference; lastKnownFileType = sourcecode.swift; path = DetailViewController.swift; sourceTree = "<group>"; };
		8750B20E24AD1A4000656FBF /* WebKit.framework */ = {isa = PBXFileReference; lastKnownFileType = wrapper.framework; name = WebKit.framework; path = System/Library/Frameworks/WebKit.framework; sourceTree = SDKROOT; };
		875A063E24AA61F30077157A /* VideoTableViewCell.swift */ = {isa = PBXFileReference; lastKnownFileType = sourcecode.swift; path = VideoTableViewCell.swift; sourceTree = "<group>"; };
		875A064024AB67EE0077157A /* CashManager.swift */ = {isa = PBXFileReference; lastKnownFileType = sourcecode.swift; path = CashManager.swift; sourceTree = "<group>"; };
		87E9AC6F24A914DF001E49C2 /* YoutubePorject.app */ = {isa = PBXFileReference; explicitFileType = wrapper.application; includeInIndex = 0; path = YoutubePorject.app; sourceTree = BUILT_PRODUCTS_DIR; };
		87E9AC7224A914DF001E49C2 /* AppDelegate.swift */ = {isa = PBXFileReference; lastKnownFileType = sourcecode.swift; path = AppDelegate.swift; sourceTree = "<group>"; };
		87E9AC7724A914DF001E49C2 /* Base */ = {isa = PBXFileReference; lastKnownFileType = file.storyboard; name = Base; path = Base.lproj/Main.storyboard; sourceTree = "<group>"; };
		87E9AC7924A914E1001E49C2 /* Assets.xcassets */ = {isa = PBXFileReference; lastKnownFileType = folder.assetcatalog; path = Assets.xcassets; sourceTree = "<group>"; };
		87E9AC7C24A914E1001E49C2 /* Base */ = {isa = PBXFileReference; lastKnownFileType = file.storyboard; name = Base; path = Base.lproj/LaunchScreen.storyboard; sourceTree = "<group>"; };
		87E9AC7E24A914E1001E49C2 /* Info.plist */ = {isa = PBXFileReference; lastKnownFileType = text.plist.xml; path = Info.plist; sourceTree = "<group>"; };
		87E9AC8424A914F6001E49C2 /* Constants.swift */ = {isa = PBXFileReference; lastKnownFileType = sourcecode.swift; path = Constants.swift; sourceTree = "<group>"; };
		87E9AC8624A91828001E49C2 /* Video.swift */ = {isa = PBXFileReference; lastKnownFileType = sourcecode.swift; path = Video.swift; sourceTree = "<group>"; };
		87E9AC8824A91912001E49C2 /* Model.swift */ = {isa = PBXFileReference; lastKnownFileType = sourcecode.swift; path = Model.swift; sourceTree = "<group>"; };
		87E9AC8A24A929F8001E49C2 /* Response.swift */ = {isa = PBXFileReference; lastKnownFileType = sourcecode.swift; path = Response.swift; sourceTree = "<group>"; };
		87E9AC8C24A95210001E49C2 /* VideoTableViewController.swift */ = {isa = PBXFileReference; lastKnownFileType = sourcecode.swift; path = VideoTableViewController.swift; sourceTree = "<group>"; };
/* End PBXFileReference section */

/* Begin PBXFrameworksBuildPhase section */
		87E9AC6C24A914DF001E49C2 /* Frameworks */ = {
			isa = PBXFrameworksBuildPhase;
			buildActionMask = 2147483647;
			files = (
				8750B20F24AD1A4000656FBF /* WebKit.framework in Frameworks */,
			);
			runOnlyForDeploymentPostprocessing = 0;
		};
/* End PBXFrameworksBuildPhase section */

/* Begin PBXGroup section */
		8750B20D24AD1A4000656FBF /* Frameworks */ = {
			isa = PBXGroup;
			children = (
				8750B20E24AD1A4000656FBF /* WebKit.framework */,
			);
			name = Frameworks;
			sourceTree = "<group>";
		};
		875A063924AA5ACA0077157A /* Helpers */ = {
			isa = PBXGroup;
			children = (
				87E9AC8424A914F6001E49C2 /* Constants.swift */,
				875A064024AB67EE0077157A /* CashManager.swift */,
			);
			path = Helpers;
			sourceTree = "<group>";
		};
		875A063A24AA5AD40077157A /* Storeboards */ = {
			isa = PBXGroup;
			children = (
				87E9AC7624A914DF001E49C2 /* Main.storyboard */,
				87E9AC7B24A914E1001E49C2 /* LaunchScreen.storyboard */,
			);
			path = Storeboards;
			sourceTree = "<group>";
		};
		875A063B24AA5AE20077157A /* Models */ = {
			isa = PBXGroup;
			children = (
				87E9AC8624A91828001E49C2 /* Video.swift */,
				87E9AC8824A91912001E49C2 /* Model.swift */,
				87E9AC8A24A929F8001E49C2 /* Response.swift */,
			);
			path = Models;
			sourceTree = "<group>";
		};
		875A063C24AA5AEA0077157A /* View */ = {
			isa = PBXGroup;
			children = (
				87E9AC8C24A95210001E49C2 /* VideoTableViewController.swift */,
				875A063E24AA61F30077157A /* VideoTableViewCell.swift */,
				8750B20B24AD11F100656FBF /* DetailViewController.swift */,
			);
			path = View;
			sourceTree = "<group>";
		};
		87E9AC6624A914DF001E49C2 = {
			isa = PBXGroup;
			children = (
				87E9AC7124A914DF001E49C2 /* YoutubePorject */,
				87E9AC7024A914DF001E49C2 /* Products */,
				8750B20D24AD1A4000656FBF /* Frameworks */,
			);
			sourceTree = "<group>";
		};
		87E9AC7024A914DF001E49C2 /* Products */ = {
			isa = PBXGroup;
			children = (
				87E9AC6F24A914DF001E49C2 /* YoutubePorject.app */,
			);
			name = Products;
			sourceTree = "<group>";
		};
		87E9AC7124A914DF001E49C2 /* YoutubePorject */ = {
			isa = PBXGroup;
			children = (
				87E9AC7224A914DF001E49C2 /* AppDelegate.swift */,
				875A063C24AA5AEA0077157A /* View */,
				875A063B24AA5AE20077157A /* Models */,
				875A063A24AA5AD40077157A /* Storeboards */,
				875A063924AA5ACA0077157A /* Helpers */,
				87E9AC7924A914E1001E49C2 /* Assets.xcassets */,
				87E9AC7E24A914E1001E49C2 /* Info.plist */,
			);
			path = YoutubePorject;
			sourceTree = "<group>";
		};
/* End PBXGroup section */

/* Begin PBXNativeTarget section */
		87E9AC6E24A914DF001E49C2 /* YoutubePorject */ = {
			isa = PBXNativeTarget;
			buildConfigurationList = 87E9AC8124A914E1001E49C2 /* Build configuration list for PBXNativeTarget "YoutubePorject" */;
			buildPhases = (
				87E9AC6B24A914DF001E49C2 /* Sources */,
				87E9AC6C24A914DF001E49C2 /* Frameworks */,
				87E9AC6D24A914DF001E49C2 /* Resources */,
			);
			buildRules = (
			);
			dependencies = (
			);
			name = YoutubePorject;
			productName = YoutubePorject;
			productReference = 87E9AC6F24A914DF001E49C2 /* YoutubePorject.app */;
			productType = "com.apple.product-type.application";
		};
/* End PBXNativeTarget section */

/* Begin PBXProject section */
		87E9AC6724A914DF001E49C2 /* Project object */ = {
			isa = PBXProject;
			attributes = {
				LastSwiftUpdateCheck = 1030;
				LastUpgradeCheck = 1030;
				ORGANIZATIONNAME = "Alexandre de Oliveira Nepomuceno";
				TargetAttributes = {
					87E9AC6E24A914DF001E49C2 = {
						CreatedOnToolsVersion = 10.3;
					};
				};
			};
			buildConfigurationList = 87E9AC6A24A914DF001E49C2 /* Build configuration list for PBXProject "YoutubePorject" */;
			compatibilityVersion = "Xcode 9.3";
			developmentRegion = en;
			hasScannedForEncodings = 0;
			knownRegions = (
				en,
				Base,
			);
			mainGroup = 87E9AC6624A914DF001E49C2;
			productRefGroup = 87E9AC7024A914DF001E49C2 /* Products */;
			projectDirPath = "";
			projectRoot = "";
			targets = (
				87E9AC6E24A914DF001E49C2 /* YoutubePorject */,
			);
		};
/* End PBXProject section */

/* Begin PBXResourcesBuildPhase section */
		87E9AC6D24A914DF001E49C2 /* Resources */ = {
			isa = PBXResourcesBuildPhase;
			buildActionMask = 2147483647;
			files = (
				87E9AC7D24A914E1001E49C2 /* LaunchScreen.storyboard in Resources */,
				87E9AC7A24A914E1001E49C2 /* Assets.xcassets in Resources */,
				87E9AC7824A914DF001E49C2 /* Main.storyboard in Resources */,
			);
			runOnlyForDeploymentPostprocessing = 0;
		};
/* End PBXResourcesBuildPhase section */

/* Begin PBXSourcesBuildPhase section */
		87E9AC6B24A914DF001E49C2 /* Sources */ = {
			isa = PBXSourcesBuildPhase;
			buildActionMask = 2147483647;
			files = (
				8750B20C24AD11F100656FBF /* DetailViewController.swift in Sources */,
				87E9AC8924A91912001E49C2 /* Model.swift in Sources */,
				87E9AC8724A91828001E49C2 /* Video.swift in Sources */,
				875A063F24AA61F30077157A /* VideoTableViewCell.swift in Sources */,
				87E9AC7324A914DF001E49C2 /* AppDelegate.swift in Sources */,
				87E9AC8D24A95210001E49C2 /* VideoTableViewController.swift in Sources */,
				87E9AC8B24A929F8001E49C2 /* Response.swift in Sources */,
				875A064124AB67EE0077157A /* CashManager.swift in Sources */,
				87E9AC8524A914F6001E49C2 /* Constants.swift in Sources */,
			);
			runOnlyForDeploymentPostprocessing = 0;
		};
/* End PBXSourcesBuildPhase section */

/* Begin PBXVariantGroup section */
		87E9AC7624A914DF001E49C2 /* Main.storyboard */ = {
			isa = PBXVariantGroup;
			children = (
				87E9AC7724A914DF001E49C2 /* Base */,
			);
			name = Main.storyboard;
			sourceTree = "<group>";
		};
		87E9AC7B24A914E1001E49C2 /* LaunchScreen.storyboard */ = {
			isa = PBXVariantGroup;
			children = (
				87E9AC7C24A914E1001E49C2 /* Base */,
			);
			name = LaunchScreen.storyboard;
			sourceTree = "<group>";
		};
/* End PBXVariantGroup section */

/* Begin XCBuildConfiguration section */
		87E9AC7F24A914E1001E49C2 /* Debug */ = {
			isa = XCBuildConfiguration;
			buildSettings = {
				ALWAYS_SEARCH_USER_PATHS = NO;
				CLANG_ANALYZER_NONNULL = YES;
				CLANG_ANALYZER_NUMBER_OBJECT_CONVERSION = YES_AGGRESSIVE;
				CLANG_CXX_LANGUAGE_STANDARD = "gnu++14";
				CLANG_CXX_LIBRARY = "libc++";
				CLANG_ENABLE_MODULES = YES;
				CLANG_ENABLE_OBJC_ARC = YES;
				CLANG_ENABLE_OBJC_WEAK = YES;
				CLANG_WARN_BLOCK_CAPTURE_AUTORELEASING = YES;
				CLANG_WARN_BOOL_CONVERSION = YES;
				CLANG_WARN_COMMA = YES;
				CLANG_WARN_CONSTANT_CONVERSION = YES;
				CLANG_WARN_DEPRECATED_OBJC_IMPLEMENTATIONS = YES;
				CLANG_WARN_DIRECT_OBJC_ISA_USAGE = YES_ERROR;
				CLANG_WARN_DOCUMENTATION_COMMENTS = YES;
				CLANG_WARN_EMPTY_BODY = YES;
				CLANG_WARN_ENUM_CONVERSION = YES;
				CLANG_WARN_INFINITE_RECURSION = YES;
				CLANG_WARN_INT_CONVERSION = YES;
				CLANG_WARN_NON_LITERAL_NULL_CONVERSION = YES;
				CLANG_WARN_OBJC_IMPLICIT_RETAIN_SELF = YES;
				CLANG_WARN_OBJC_LITERAL_CONVERSION = YES;
				CLANG_WARN_OBJC_ROOT_CLASS = YES_ERROR;
				CLANG_WARN_RANGE_LOOP_ANALYSIS = YES;
				CLANG_WARN_STRICT_PROTOTYPES = YES;
				CLANG_WARN_SUSPICIOUS_MOVE = YES;
				CLANG_WARN_UNGUARDED_AVAILABILITY = YES_AGGRESSIVE;
				CLANG_WARN_UNREACHABLE_CODE = YES;
				CLANG_WARN__DUPLICATE_METHOD_MATCH = YES;
				CODE_SIGN_IDENTITY = "iPhone Developer";
				COPY_PHASE_STRIP = NO;
				DEBUG_INFORMATION_FORMAT = dwarf;
				ENABLE_STRICT_OBJC_MSGSEND = YES;
				ENABLE_TESTABILITY = YES;
				GCC_C_LANGUAGE_STANDARD = gnu11;
				GCC_DYNAMIC_NO_PIC = NO;
				GCC_NO_COMMON_BLOCKS = YES;
				GCC_OPTIMIZATION_LEVEL = 0;
				GCC_PREPROCESSOR_DEFINITIONS = (
					"DEBUG=1",
					"$(inherited)",
				);
				GCC_WARN_64_TO_32_BIT_CONVERSION = YES;
				GCC_WARN_ABOUT_RETURN_TYPE = YES_ERROR;
				GCC_WARN_UNDECLARED_SELECTOR = YES;
				GCC_WARN_UNINITIALIZED_AUTOS = YES_AGGRESSIVE;
				GCC_WARN_UNUSED_FUNCTION = YES;
				GCC_WARN_UNUSED_VARIABLE = YES;
				IPHONEOS_DEPLOYMENT_TARGET = 12.4;
				MTL_ENABLE_DEBUG_INFO = INCLUDE_SOURCE;
				MTL_FAST_MATH = YES;
				ONLY_ACTIVE_ARCH = YES;
				SDKROOT = iphoneos;
				SWIFT_ACTIVE_COMPILATION_CONDITIONS = DEBUG;
				SWIFT_OPTIMIZATION_LEVEL = "-Onone";
			};
			name = Debug;
		};
		87E9AC8024A914E1001E49C2 /* Release */ = {
			isa = XCBuildConfiguration;
			buildSettings = {
				ALWAYS_SEARCH_USER_PATHS = NO;
				CLANG_ANALYZER_NONNULL = YES;
				CLANG_ANALYZER_NUMBER_OBJECT_CONVERSION = YES_AGGRESSIVE;
				CLANG_CXX_LANGUAGE_STANDARD = "gnu++14";
				CLANG_CXX_LIBRARY = "libc++";
				CLANG_ENABLE_MODULES = YES;
				CLANG_ENABLE_OBJC_ARC = YES;
				CLANG_ENABLE_OBJC_WEAK = YES;
				CLANG_WARN_BLOCK_CAPTURE_AUTORELEASING = YES;
				CLANG_WARN_BOOL_CONVERSION = YES;
				CLANG_WARN_COMMA = YES;
				CLANG_WARN_CONSTANT_CONVERSION = YES;
				CLANG_WARN_DEPRECATED_OBJC_IMPLEMENTATIONS = YES;
				CLANG_WARN_DIRECT_OBJC_ISA_USAGE = YES_ERROR;
				CLANG_WARN_DOCUMENTATION_COMMENTS = YES;
				CLANG_WARN_EMPTY_BODY = YES;
				CLANG_WARN_ENUM_CONVERSION = YES;
				CLANG_WARN_INFINITE_RECURSION = YES;
				CLANG_WARN_INT_CONVERSION = YES;
				CLANG_WARN_NON_LITERAL_NULL_CONVERSION = YES;
				CLANG_WARN_OBJC_IMPLICIT_RETAIN_SELF = YES;
				CLANG_WARN_OBJC_LITERAL_CONVERSION = YES;
				CLANG_WARN_OBJC_ROOT_CLASS = YES_ERROR;
				CLANG_WARN_RANGE_LOOP_ANALYSIS = YES;
				CLANG_WARN_STRICT_PROTOTYPES = YES;
				CLANG_WARN_SUSPICIOUS_MOVE = YES;
				CLANG_WARN_UNGUARDED_AVAILABILITY = YES_AGGRESSIVE;
				CLANG_WARN_UNREACHABLE_CODE = YES;
				CLANG_WARN__DUPLICATE_METHOD_MATCH = YES;
				CODE_SIGN_IDENTITY = "iPhone Developer";
				COPY_PHASE_STRIP = NO;
				DEBUG_INFORMATION_FORMAT = "dwarf-with-dsym";
				ENABLE_NS_ASSERTIONS = NO;
				ENABLE_STRICT_OBJC_MSGSEND = YES;
				GCC_C_LANGUAGE_STANDARD = gnu11;
				GCC_NO_COMMON_BLOCKS = YES;
				GCC_WARN_64_TO_32_BIT_CONVERSION = YES;
				GCC_WARN_ABOUT_RETURN_TYPE = YES_ERROR;
				GCC_WARN_UNDECLARED_SELECTOR = YES;
				GCC_WARN_UNINITIALIZED_AUTOS = YES_AGGRESSIVE;
				GCC_WARN_UNUSED_FUNCTION = YES;
				GCC_WARN_UNUSED_VARIABLE = YES;
				IPHONEOS_DEPLOYMENT_TARGET = 12.4;
				MTL_ENABLE_DEBUG_INFO = NO;
				MTL_FAST_MATH = YES;
				SDKROOT = iphoneos;
				SWIFT_COMPILATION_MODE = wholemodule;
				SWIFT_OPTIMIZATION_LEVEL = "-O";
				VALIDATE_PRODUCT = YES;
			};
			name = Release;
		};
		87E9AC8224A914E1001E49C2 /* Debug */ = {
			isa = XCBuildConfiguration;
			buildSettings = {
				ASSETCATALOG_COMPILER_APPICON_NAME = AppIcon;
				CODE_SIGN_STYLE = Automatic;
				DEVELOPMENT_TEAM = TTS9JSL882;
				INFOPLIST_FILE = YoutubePorject/Info.plist;
				LD_RUNPATH_SEARCH_PATHS = (
					"$(inherited)",
					"@executable_path/Frameworks",
				);
				PRODUCT_BUNDLE_IDENTIFIER = nepomuceno.YoutubePorject;
				PRODUCT_NAME = "$(TARGET_NAME)";
				SWIFT_VERSION = 5.0;
				TARGETED_DEVICE_FAMILY = "1,2";
			};
			name = Debug;
		};
		87E9AC8324A914E1001E49C2 /* Release */ = {
			isa = XCBuildConfiguration;
			buildSettings = {
				ASSETCATALOG_COMPILER_APPICON_NAME = AppIcon;
				CODE_SIGN_STYLE = Automatic;
				DEVELOPMENT_TEAM = TTS9JSL882;
				INFOPLIST_FILE = YoutubePorject/Info.plist;
				LD_RUNPATH_SEARCH_PATHS = (
					"$(inherited)",
					"@executable_path/Frameworks",
				);
				PRODUCT_BUNDLE_IDENTIFIER = nepomuceno.YoutubePorject;
				PRODUCT_NAME = "$(TARGET_NAME)";
				SWIFT_VERSION = 5.0;
				TARGETED_DEVICE_FAMILY = "1,2";
			};
			name = Release;
		};
/* End XCBuildConfiguration section */

/* Begin XCConfigurationList section */
		87E9AC6A24A914DF001E49C2 /* Build configuration list for PBXProject "YoutubePorject" */ = {
			isa = XCConfigurationList;
			buildConfigurations = (
				87E9AC7F24A914E1001E49C2 /* Debug */,
				87E9AC8024A914E1001E49C2 /* Release */,
			);
			defaultConfigurationIsVisible = 0;
			defaultConfigurationName = Release;
		};
		87E9AC8124A914E1001E49C2 /* Build configuration list for PBXNativeTarget "YoutubePorject" */ = {
			isa = XCConfigurationList;
			buildConfigurations = (
				87E9AC8224A914E1001E49C2 /* Debug */,
				87E9AC8324A914E1001E49C2 /* Release */,
			);
			defaultConfigurationIsVisible = 0;
			defaultConfigurationName = Release;
		};
/* End XCConfigurationList section */
	};
	rootObject = 87E9AC6724A914DF001E49C2 /* Project object */;
}
